
Microsoft Visual Studio Solution File, Format Version 12.00
# Visual Studio Version 16
VisualStudioVersion = 16.0.808.10
MinimumVisualStudioVersion = 10.0.40219.1
Project("{FAE04EC0-301F-11D3-BF4B-00C04F79EFBC}") = "Programa", "Programa\Programa.csproj", "{06BBBFFC-1E79-4322-968A-4C676FC1B14B}"
EndProject
Project("{FAE04EC0-301F-11D3-BF4B-00C04F79EFBC}") = "UnitTestingCalculadoraSalarios", "UnitTestingCalculadoraSalarios\UnitTestingCalculadoraSalarios.csproj", "{C16535FA-6BFD-4794-9475-72208DA4AC12}"
EndProject
Global
	GlobalSection(SolutionConfigurationPlatforms) = preSolution
		Debug|Any CPU = Debug|Any CPU
		Release|Any CPU = Release|Any CPU
	EndGlobalSection
	GlobalSection(ProjectConfigurationPlatforms) = postSolution
		{06BBBFFC-1E79-4322-968A-4C676FC1B14B}.Debug|Any CPU.ActiveCfg = Debug|Any CPU
		{06BBBFFC-1E79-4322-968A-4C676FC1B14B}.Debug|Any CPU.Build.0 = Debug|Any CPU
		{06BBBFFC-1E79-4322-968A-4C676FC1B14B}.Release|Any CPU.ActiveCfg = Release|Any CPU
		{06BBBFFC-1E79-4322-968A-4C676FC1B14B}.Release|Any CPU.Build.0 = Release|Any CPU
		{C16535FA-6BFD-4794-9475-72208DA4AC12}.Debug|Any CPU.ActiveCfg = Debug|Any CPU
		{C16535FA-6BFD-4794-9475-72208DA4AC12}.Debug|Any CPU.Build.0 = Debug|Any CPU
		{C16535FA-6BFD-4794-9475-72208DA4AC12}.Release|Any CPU.ActiveCfg = Release|Any CPU
		{C16535FA-6BFD-4794-9475-72208DA4AC12}.Release|Any CPU.Build.0 = Release|Any CPU
	EndGlobalSection
	GlobalSection(SolutionProperties) = preSolution
		HideSolutionNode = FALSE
	EndGlobalSection
	GlobalSection(ExtensibilityGlobals) = postSolution
		SolutionGuid = {E8DC5BD8-843F-4401-8CBE-E014A025F1D9}
	EndGlobalSection
EndGlobal
